
Microsoft Visual Studio Solution File, Format Version 12.00
# Visual Studio Version 17
VisualStudioVersion = 17.7.34031.279
MinimumVisualStudioVersion = 10.0.40219.1
Project("{FAE04EC0-301F-11D3-BF4B-00C04F79EFBC}") = "ipiska", "ipiska.csproj", "{10959139-DBBE-4F45-A087-8B74774B5BF3}"
EndProject
Global
	GlobalSection(SolutionConfigurationPlatforms) = preSolution
		Debug|Any CPU = Debug|Any CPU
		Release|Any CPU = Release|Any CPU
	EndGlobalSection
	GlobalSection(ProjectConfigurationPlatforms) = postSolution
		{10959139-DBBE-4F45-A087-8B74774B5BF3}.Debug|Any CPU.ActiveCfg = Debug|Any CPU
		{10959139-DBBE-4F45-A087-8B74774B5BF3}.Debug|Any CPU.Build.0 = Debug|Any CPU
		{10959139-DBBE-4F45-A087-8B74774B5BF3}.Release|Any CPU.ActiveCfg = Release|Any CPU
		{10959139-DBBE-4F45-A087-8B74774B5BF3}.Release|Any CPU.Build.0 = Release|Any CPU
	EndGlobalSection
	GlobalSection(SolutionProperties) = preSolution
		HideSolutionNode = FALSE
	EndGlobalSection
	GlobalSection(ExtensibilityGlobals) = postSolution
		SolutionGuid = {D38C0D86-A705-4D59-B9F8-C797ED6BE6F8}
	EndGlobalSection
EndGlobal
